
Microsoft Visual Studio Solution File, Format Version 12.00
# Visual Studio Version 17
VisualStudioVersion = 17.5.002.0
MinimumVisualStudioVersion = 10.0.40219.1
Project("{9A19103F-16F7-4668-BE54-9A1E7A4F7556}") = "Chat", "Chat.csproj", "{A5A34660-2B60-4EBC-853B-FA0C749FAEB8}"
EndProject
Global
	GlobalSection(SolutionConfigurationPlatforms) = preSolution
		Debug|Any CPU = Debug|Any CPU
		Release|Any CPU = Release|Any CPU
	EndGlobalSection
	GlobalSection(ProjectConfigurationPlatforms) = postSolution
		{A5A34660-2B60-4EBC-853B-FA0C749FAEB8}.Debug|Any CPU.ActiveCfg = Debug|Any CPU
		{A5A34660-2B60-4EBC-853B-FA0C749FAEB8}.Debug|Any CPU.Build.0 = Debug|Any CPU
		{A5A34660-2B60-4EBC-853B-FA0C749FAEB8}.Release|Any CPU.ActiveCfg = Release|Any CPU
		{A5A34660-2B60-4EBC-853B-FA0C749FAEB8}.Release|Any CPU.Build.0 = Release|Any CPU
	EndGlobalSection
	GlobalSection(SolutionProperties) = preSolution
		HideSolutionNode = FALSE
	EndGlobalSection
	GlobalSection(ExtensibilityGlobals) = postSolution
		SolutionGuid = {22426F50-CF1E-43F4-89BE-82F2A4178138}
	EndGlobalSection
EndGlobal
